
Microsoft Visual Studio Solution File, Format Version 12.00
# Visual Studio Version 16
VisualStudioVersion = 16.0.30517.126
MinimumVisualStudioVersion = 10.0.40219.1
Project("{9A19103F-16F7-4668-BE54-9A1E7A4F7556}") = "3DESEncrypt", "3DESEncrypt\3DESEncrypt.csproj", "{F4E32401-0702-435C-A8EB-8597969A4465}"
EndProject
Global
	GlobalSection(SolutionConfigurationPlatforms) = preSolution
		Debug|Any CPU = Debug|Any CPU
		Release|Any CPU = Release|Any CPU
	EndGlobalSection
	GlobalSection(ProjectConfigurationPlatforms) = postSolution
		{F4E32401-0702-435C-A8EB-8597969A4465}.Debug|Any CPU.ActiveCfg = Debug|Any CPU
		{F4E32401-0702-435C-A8EB-8597969A4465}.Debug|Any CPU.Build.0 = Debug|Any CPU
		{F4E32401-0702-435C-A8EB-8597969A4465}.Release|Any CPU.ActiveCfg = Release|Any CPU
		{F4E32401-0702-435C-A8EB-8597969A4465}.Release|Any CPU.Build.0 = Release|Any CPU
	EndGlobalSection
	GlobalSection(SolutionProperties) = preSolution
		HideSolutionNode = FALSE
	EndGlobalSection
	GlobalSection(ExtensibilityGlobals) = postSolution
		SolutionGuid = {A38B8635-715E-41C9-B74C-09791507A92B}
	EndGlobalSection
EndGlobal
